// !$*UTF8*$!
{
	archiveVersion = 1;
	classes = {
	};
	objectVersion = 46;
	objects = {

/* Begin PBXBuildFile section */
		76E455A71A8ADE2C00A42E5F /* AppDelegate.swift in Sources */ = {isa = PBXBuildFile; fileRef = 76E455A61A8ADE2C00A42E5F /* AppDelegate.swift */; };
		76E455A91A8ADE2C00A42E5F /* ViewController.swift in Sources */ = {isa = PBXBuildFile; fileRef = 76E455A81A8ADE2C00A42E5F /* ViewController.swift */; };
		76E455AC1A8ADE2C00A42E5F /* Main.storyboard in Resources */ = {isa = PBXBuildFile; fileRef = 76E455AA1A8ADE2C00A42E5F /* Main.storyboard */; };
		76E455AE1A8ADE2C00A42E5F /* Images.xcassets in Resources */ = {isa = PBXBuildFile; fileRef = 76E455AD1A8ADE2C00A42E5F /* Images.xcassets */; };
		76E455B11A8ADE2C00A42E5F /* LaunchScreen.xib in Resources */ = {isa = PBXBuildFile; fileRef = 76E455AF1A8ADE2C00A42E5F /* LaunchScreen.xib */; };
		76E455BD1A8ADE2C00A42E5F /* demoTests.swift in Sources */ = {isa = PBXBuildFile; fileRef = 76E455BC1A8ADE2C00A42E5F /* demoTests.swift */; };
/* End PBXBuildFile section */

/* Begin PBXContainerItemProxy section */
		76E455B71A8ADE2C00A42E5F /* PBXContainerItemProxy */ = {
			isa = PBXContainerItemProxy;
			containerPortal = 76E455991A8ADE2C00A42E5F /* Project object */;
			proxyType = 1;
			remoteGlobalIDString = 76E455A01A8ADE2C00A42E5F;
			remoteInfo = demo;
		};
/* End PBXContainerItemProxy section */

/* Begin PBXFileReference section */
		76E455A11A8ADE2C00A42E5F /* demo.app */ = {isa = PBXFileReference; explicitFileType = wrapper.application; includeInIndex = 0; path = demo.app; sourceTree = BUILT_PRODUCTS_DIR; };
		76E455A51A8ADE2C00A42E5F /* Info.plist */ = {isa = PBXFileReference; lastKnownFileType = text.plist.xml; path = Info.plist; sourceTree = "<group>"; };
		76E455A61A8ADE2C00A42E5F /* AppDelegate.swift */ = {isa = PBXFileReference; lastKnownFileType = sourcecode.swift; path = AppDelegate.swift; sourceTree = "<group>"; };
		76E455A81A8ADE2C00A42E5F /* ViewController.swift */ = {isa = PBXFileReference; lastKnownFileType = sourcecode.swift; path = ViewController.swift; sourceTree = "<group>"; };
		76E455AB1A8ADE2C00A42E5F /* Base */ = {isa = PBXFileReference; lastKnownFileType = file.storyboard; name = Base; path = Base.lproj/Main.storyboard; sourceTree = "<group>"; };
		76E455AD1A8ADE2C00A42E5F /* Images.xcassets */ = {isa = PBXFileReference; lastKnownFileType = folder.assetcatalog; path = Images.xcassets; sourceTree = "<group>"; };
		76E455B01A8ADE2C00A42E5F /* Base */ = {isa = PBXFileReference; lastKnownFileType = file.xib; name = Base; path = Base.lproj/LaunchScreen.xib; sourceTree = "<group>"; };
		76E455B61A8ADE2C00A42E5F /* demoTests.xctest */ = {isa = PBXFileReference; explicitFileType = wrapper.cfbundle; includeInIndex = 0; path = demoTests.xctest; sourceTree = BUILT_PRODUCTS_DIR; };
		76E455BB1A8ADE2C00A42E5F /* Info.plist */ = {isa = PBXFileReference; lastKnownFileType = text.plist.xml; path = Info.plist; sourceTree = "<group>"; };
		76E455BC1A8ADE2C00A42E5F /* demoTests.swift */ = {isa = PBXFileReference; lastKnownFileType = sourcecode.swift; path = demoTests.swift; sourceTree = "<group>"; };
/* End PBXFileReference section */

/* Begin PBXFrameworksBuildPhase section */
		76E4559E1A8ADE2C00A42E5F /* Frameworks */ = {
			isa = PBXFrameworksBuildPhase;
			buildActionMask = 2147483647;
			files = (
			);
			runOnlyForDeploymentPostprocessing = 0;
		};
		76E455B31A8ADE2C00A42E5F /* Frameworks */ = {
			isa = PBXFrameworksBuildPhase;
			buildActionMask = 2147483647;
			files = (
			);
			runOnlyForDeploymentPostprocessing = 0;
		};
/* End PBXFrameworksBuildPhase section */

/* Begin PBXGroup section */
		76E455981A8ADE2C00A42E5F = {
			isa = PBXGroup;
			children = (
				76E455A31A8ADE2C00A42E5F /* demo */,
				76E455B91A8ADE2C00A42E5F /* demoTests */,
				76E455A21A8ADE2C00A42E5F /* Products */,
			);
			sourceTree = "<group>";
		};
		76E455A21A8ADE2C00A42E5F /* Products */ = {
			isa = PBXGroup;
			children = (
				76E455A11A8ADE2C00A42E5F /* demo.app */,
				76E455B61A8ADE2C00A42E5F /* demoTests.xctest */,
			);
			name = Products;
			sourceTree = "<group>";
		};
		76E455A31A8ADE2C00A42E5F /* demo */ = {
			isa = PBXGroup;
			children = (
				76E455A61A8ADE2C00A42E5F /* AppDelegate.swift */,
				76E455A81A8ADE2C00A42E5F /* ViewController.swift */,
				76E455AA1A8ADE2C00A42E5F /* Main.storyboard */,
				76E455AD1A8ADE2C00A42E5F /* Images.xcassets */,
				76E455AF1A8ADE2C00A42E5F /* LaunchScreen.xib */,
				76E455A41A8ADE2C00A42E5F /* Supporting Files */,
			);
			path = demo;
			sourceTree = "<group>";
		};
		76E455A41A8ADE2C00A42E5F /* Supporting Files */ = {
			isa = PBXGroup;
			children = (
				76E455A51A8ADE2C00A42E5F /* Info.plist */,
			);
			name = "Supporting Files";
			sourceTree = "<group>";
		};
		76E455B91A8ADE2C00A42E5F /* demoTests */ = {
			isa = PBXGroup;
			children = (
				76E455BC1A8ADE2C00A42E5F /* demoTests.swift */,
				76E455BA1A8ADE2C00A42E5F /* Supporting Files */,
			);
			path = demoTests;
			sourceTree = "<group>";
		};
		76E455BA1A8ADE2C00A42E5F /* Supporting Files */ = {
			isa = PBXGroup;
			children = (
				76E455BB1A8ADE2C00A42E5F /* Info.plist */,
			);
			name = "Supporting Files";
			sourceTree = "<group>";
		};
/* End PBXGroup section */

/* Begin PBXNativeTarget section */
		76E455A01A8ADE2C00A42E5F /* demo */ = {
			isa = PBXNativeTarget;
			buildConfigurationList = 76E455C01A8ADE2C00A42E5F /* Build configuration list for PBXNativeTarget "demo" */;
			buildPhases = (
				76E4559D1A8ADE2C00A42E5F /* Sources */,
				76E4559E1A8ADE2C00A42E5F /* Frameworks */,
				76E4559F1A8ADE2C00A42E5F /* Resources */,
			);
			buildRules = (
			);
			dependencies = (
			);
			name = demo;
			productName = demo;
			productReference = 76E455A11A8ADE2C00A42E5F /* demo.app */;
			productType = "com.apple.product-type.application";
		};
		76E455B51A8ADE2C00A42E5F /* demoTests */ = {
			isa = PBXNativeTarget;
			buildConfigurationList = 76E455C31A8ADE2C00A42E5F /* Build configuration list for PBXNativeTarget "demoTests" */;
			buildPhases = (
				76E455B21A8ADE2C00A42E5F /* Sources */,
				76E455B31A8ADE2C00A42E5F /* Frameworks */,
				76E455B41A8ADE2C00A42E5F /* Resources */,
			);
			buildRules = (
			);
			dependencies = (
				76E455B81A8ADE2C00A42E5F /* PBXTargetDependency */,
			);
			name = demoTests;
			productName = demoTests;
			productReference = 76E455B61A8ADE2C00A42E5F /* demoTests.xctest */;
			productType = "com.apple.product-type.bundle.unit-test";
		};
/* End PBXNativeTarget section */

/* Begin PBXProject section */
		76E455991A8ADE2C00A42E5F /* Project object */ = {
			isa = PBXProject;
			attributes = {
				LastUpgradeCheck = 0610;
				ORGANIZATIONNAME = "Chris Royer";
				TargetAttributes = {
					76E455A01A8ADE2C00A42E5F = {
						CreatedOnToolsVersion = 6.1.1;
					};
					76E455B51A8ADE2C00A42E5F = {
						CreatedOnToolsVersion = 6.1.1;
						TestTargetID = 76E455A01A8ADE2C00A42E5F;
					};
				};
			};
			buildConfigurationList = 76E4559C1A8ADE2C00A42E5F /* Build configuration list for PBXProject "demo" */;
			compatibilityVersion = "Xcode 3.2";
			developmentRegion = English;
			hasScannedForEncodings = 0;
			knownRegions = (
				en,
				Base,
			);
			mainGroup = 76E455981A8ADE2C00A42E5F;
			productRefGroup = 76E455A21A8ADE2C00A42E5F /* Products */;
			projectDirPath = "";
			projectRoot = "";
			targets = (
				76E455A01A8ADE2C00A42E5F /* demo */,
				76E455B51A8ADE2C00A42E5F /* demoTests */,
			);
		};
/* End PBXProject section */

/* Begin PBXResourcesBuildPhase section */
		76E4559F1A8ADE2C00A42E5F /* Resources */ = {
			isa = PBXResourcesBuildPhase;
			buildActionMask = 2147483647;
			files = (
				76E455AC1A8ADE2C00A42E5F /* Main.storyboard in Resources */,
				76E455B11A8ADE2C00A42E5F /* LaunchScreen.xib in Resources */,
				76E455AE1A8ADE2C00A42E5F /* Images.xcassets in Resources */,
			);
			runOnlyForDeploymentPostprocessing = 0;
		};
		76E455B41A8ADE2C00A42E5F /* Resources */ = {
			isa = PBXResourcesBuildPhase;
			buildActionMask = 2147483647;
			files = (
			);
			runOnlyForDeploymentPostprocessing = 0;
		};
/* End PBXResourcesBuildPhase section */

/* Begin PBXSourcesBuildPhase section */
		76E4559D1A8ADE2C00A42E5F /* Sources */ = {
			isa = PBXSourcesBuildPhase;
			buildActionMask = 2147483647;
			files = (
				76E455A91A8ADE2C00A42E5F /* ViewController.swift in Sources */,
				76E455A71A8ADE2C00A42E5F /* AppDelegate.swift in Sources */,
			);
			runOnlyForDeploymentPostprocessing = 0;
		};
		76E455B21A8ADE2C00A42E5F /* Sources */ = {
			isa = PBXSourcesBuildPhase;
			buildActionMask = 2147483647;
			files = (
				76E455BD1A8ADE2C00A42E5F /* demoTests.swift in Sources */,
			);
			runOnlyForDeploymentPostprocessing = 0;
		};
/* End PBXSourcesBuildPhase section */

/* Begin PBXTargetDependency section */
		76E455B81A8ADE2C00A42E5F /* PBXTargetDependency */ = {
			isa = PBXTargetDependency;
			target = 76E455A01A8ADE2C00A42E5F /* demo */;
			targetProxy = 76E455B71A8ADE2C00A42E5F /* PBXContainerItemProxy */;
		};
/* End PBXTargetDependency section */

/* Begin PBXVariantGroup section */
		76E455AA1A8ADE2C00A42E5F /* Main.storyboard */ = {
			isa = PBXVariantGroup;
			children = (
				76E455AB1A8ADE2C00A42E5F /* Base */,
			);
			name = Main.storyboard;
			sourceTree = "<group>";
		};
		76E455AF1A8ADE2C00A42E5F /* LaunchScreen.xib */ = {
			isa = PBXVariantGroup;
			children = (
				76E455B01A8ADE2C00A42E5F /* Base */,
			);
			name = LaunchScreen.xib;
			sourceTree = "<group>";
		};
/* End PBXVariantGroup section */

/* Begin XCBuildConfiguration section */
		76E455BE1A8ADE2C00A42E5F /* Debug */ = {
			isa = XCBuildConfiguration;
			buildSettings = {
				ALWAYS_SEARCH_USER_PATHS = NO;
				CLANG_CXX_LANGUAGE_STANDARD = "gnu++0x";
				CLANG_CXX_LIBRARY = "libc++";
				CLANG_ENABLE_MODULES = YES;
				CLANG_ENABLE_OBJC_ARC = YES;
				CLANG_WARN_BOOL_CONVERSION = YES;
				CLANG_WARN_CONSTANT_CONVERSION = YES;
				CLANG_WARN_DIRECT_OBJC_ISA_USAGE = YES_ERROR;
				CLANG_WARN_EMPTY_BODY = YES;
				CLANG_WARN_ENUM_CONVERSION = YES;
				CLANG_WARN_INT_CONVERSION = YES;
				CLANG_WARN_OBJC_ROOT_CLASS = YES_ERROR;
				CLANG_WARN_UNREACHABLE_CODE = YES;
				CLANG_WARN__DUPLICATE_METHOD_MATCH = YES;
				"CODE_SIGN_IDENTITY[sdk=iphoneos*]" = "iPhone Developer";
				COPY_PHASE_STRIP = NO;
				ENABLE_STRICT_OBJC_MSGSEND = YES;
				GCC_C_LANGUAGE_STANDARD = gnu99;
				GCC_DYNAMIC_NO_PIC = NO;
				GCC_OPTIMIZATION_LEVEL = 0;
				GCC_PREPROCESSOR_DEFINITIONS = (
					"DEBUG=1",
					"$(inherited)",
				);
				GCC_SYMBOLS_PRIVATE_EXTERN = NO;
				GCC_WARN_64_TO_32_BIT_CONVERSION = YES;
				GCC_WARN_ABOUT_RETURN_TYPE = YES_ERROR;
				GCC_WARN_UNDECLARED_SELECTOR = YES;
				GCC_WARN_UNINITIALIZED_AUTOS = YES_AGGRESSIVE;
				GCC_WARN_UNUSED_FUNCTION = YES;
				GCC_WARN_UNUSED_VARIABLE = YES;
				IPHONEOS_DEPLOYMENT_TARGET = 8.1;
				MTL_ENABLE_DEBUG_INFO = YES;
				ONLY_ACTIVE_ARCH = YES;
				SDKROOT = iphoneos;
				SWIFT_OPTIMIZATION_LEVEL = "-Onone";
			};
			name = Debug;
		};
		76E455BF1A8ADE2C00A42E5F /* Release */ = {
			isa = XCBuildConfiguration;
			buildSettings = {
				ALWAYS_SEARCH_USER_PATHS = NO;
				CLANG_CXX_LANGUAGE_STANDARD = "gnu++0x";
				CLANG_CXX_LIBRARY = "libc++";
				CLANG_ENABLE_MODULES = YES;
				CLANG_ENABLE_OBJC_ARC = YES;
				CLANG_WARN_BOOL_CONVERSION = YES;
				CLANG_WARN_CONSTANT_CONVERSION = YES;
				CLANG_WARN_DIRECT_OBJC_ISA_USAGE = YES_ERROR;
				CLANG_WARN_EMPTY_BODY = YES;
				CLANG_WARN_ENUM_CONVERSION = YES;
				CLANG_WARN_INT_CONVERSION = YES;
				CLANG_WARN_OBJC_ROOT_CLASS = YES_ERROR;
				CLANG_WARN_UNREACHABLE_CODE = YES;
				CLANG_WARN__DUPLICATE_METHOD_MATCH = YES;
				"CODE_SIGN_IDENTITY[sdk=iphoneos*]" = "iPhone Developer";
				COPY_PHASE_STRIP = YES;
				ENABLE_NS_ASSERTIONS = NO;
				ENABLE_STRICT_OBJC_MSGSEND = YES;
				GCC_C_LANGUAGE_STANDARD = gnu99;
				GCC_WARN_64_TO_32_BIT_CONVERSION = YES;
				GCC_WARN_ABOUT_RETURN_TYPE = YES_ERROR;
				GCC_WARN_UNDECLARED_SELECTOR = YES;
				GCC_WARN_UNINITIALIZED_AUTOS = YES_AGGRESSIVE;
				GCC_WARN_UNUSED_FUNCTION = YES;
				GCC_WARN_UNUSED_VARIABLE = YES;
				IPHONEOS_DEPLOYMENT_TARGET = 8.1;
				MTL_ENABLE_DEBUG_INFO = NO;
				SDKROOT = iphoneos;
				VALIDATE_PRODUCT = YES;
			};
			name = Release;
		};
		76E455C11A8ADE2C00A42E5F /* Debug */ = {
			isa = XCBuildConfiguration;
			buildSettings = {
				ASSETCATALOG_COMPILER_APPICON_NAME = AppIcon;
				INFOPLIST_FILE = demo/Info.plist;
				LD_RUNPATH_SEARCH_PATHS = "$(inherited) @executable_path/Frameworks";
				PRODUCT_NAME = "$(TARGET_NAME)";
			};
			name = Debug;
		};
		76E455C21A8ADE2C00A42E5F /* Release */ = {
			isa = XCBuildConfiguration;
			buildSettings = {
				ASSETCATALOG_COMPILER_APPICON_NAME = AppIcon;
				INFOPLIST_FILE = demo/Info.plist;
				LD_RUNPATH_SEARCH_PATHS = "$(inherited) @executable_path/Frameworks";
				PRODUCT_NAME = "$(TARGET_NAME)";
			};
			name = Release;
		};
		76E455C41A8ADE2C00A42E5F /* Debug */ = {
			isa = XCBuildConfiguration;
			buildSettings = {
				BUNDLE_LOADER = "$(TEST_HOST)";
				FRAMEWORK_SEARCH_PATHS = (
					"$(SDKROOT)/Developer/Library/Frameworks",
					"$(inherited)",
				);
				GCC_PREPROCESSOR_DEFINITIONS = (
					"DEBUG=1",
					"$(inherited)",
				);
				INFOPLIST_FILE = demoTests/Info.plist;
				LD_RUNPATH_SEARCH_PATHS = "$(inherited) @executable_path/Frameworks @loader_path/Frameworks";
				PRODUCT_NAME = "$(TARGET_NAME)";
				TEST_HOST = "$(BUILT_PRODUCTS_DIR)/demo.app/demo";
			};
			name = Debug;
		};
		76E455C51A8ADE2C00A42E5F /* Release */ = {
			isa = XCBuildConfiguration;
			buildSettings = {
				BUNDLE_LOADER = "$(TEST_HOST)";
				FRAMEWORK_SEARCH_PATHS = (
					"$(SDKROOT)/Developer/Library/Frameworks",
					"$(inherited)",
				);
				INFOPLIST_FILE = demoTests/Info.plist;
				LD_RUNPATH_SEARCH_PATHS = "$(inherited) @executable_path/Frameworks @loader_path/Frameworks";
				PRODUCT_NAME = "$(TARGET_NAME)";
				TEST_HOST = "$(BUILT_PRODUCTS_DIR)/demo.app/demo";
			};
			name = Release;
		};
/* End XCBuildConfiguration section */

/* Begin XCConfigurationList section */
		76E4559C1A8ADE2C00A42E5F /* Build configuration list for PBXProject "demo" */ = {
			isa = XCConfigurationList;
			buildConfigurations = (
				76E455BE1A8ADE2C00A42E5F /* Debug */,
				76E455BF1A8ADE2C00A42E5F /* Release */,
			);
			defaultConfigurationIsVisible = 0;
			defaultConfigurationName = Release;
		};
		76E455C01A8ADE2C00A42E5F /* Build configuration list for PBXNativeTarget "demo" */ = {
			isa = XCConfigurationList;
			buildConfigurations = (
				76E455C11A8ADE2C00A42E5F /* Debug */,
				76E455C21A8ADE2C00A42E5F /* Release */,
			);
			defaultConfigurationIsVisible = 0;
		};
		76E455C31A8ADE2C00A42E5F /* Build configuration list for PBXNativeTarget "demoTests" */ = {
			isa = XCConfigurationList;
			buildConfigurations = (
				76E455C41A8ADE2C00A42E5F /* Debug */,
				76E455C51A8ADE2C00A42E5F /* Release */,
			);
			defaultConfigurationIsVisible = 0;
		};
/* End XCConfigurationList section */
	};
	rootObject = 76E455991A8ADE2C00A42E5F /* Project object */;
}
